
Microsoft Visual Studio Solution File, Format Version 12.00
# Visual Studio 15
VisualStudioVersion = 15.0.28307.757
MinimumVisualStudioVersion = 10.0.40219.1
Project("{FAE04EC0-301F-11D3-BF4B-00C04F79EFBC}") = "MapControlApplication", "MapControlApplication\MapControlApplication.csproj", "{2BD1D4CD-2083-4A41-936A-72CDF9DF1DA6}"
EndProject
Global
	GlobalSection(SolutionConfigurationPlatforms) = preSolution
		Debug|x86 = Debug|x86
		Release|x86 = Release|x86
	EndGlobalSection
	GlobalSection(ProjectConfigurationPlatforms) = postSolution
		{2BD1D4CD-2083-4A41-936A-72CDF9DF1DA6}.Debug|x86.ActiveCfg = Debug|x86
		{2BD1D4CD-2083-4A41-936A-72CDF9DF1DA6}.Debug|x86.Build.0 = Debug|x86
		{2BD1D4CD-2083-4A41-936A-72CDF9DF1DA6}.Release|x86.ActiveCfg = Release|x86
		{2BD1D4CD-2083-4A41-936A-72CDF9DF1DA6}.Release|x86.Build.0 = Release|x86
	EndGlobalSection
	GlobalSection(SolutionProperties) = preSolution
		HideSolutionNode = FALSE
	EndGlobalSection
	GlobalSection(ExtensibilityGlobals) = postSolution
		SolutionGuid = {EBAA2C31-4A23-4D2B-B9D5-56F6C721F58B}
	EndGlobalSection
EndGlobal
