
Microsoft Visual Studio Solution File, Format Version 12.00
# Visual Studio 15
VisualStudioVersion = 15.0.28307.705
MinimumVisualStudioVersion = 10.0.40219.1
Project("{FAE04EC0-301F-11D3-BF4B-00C04F79EFBC}") = "Test9", "Test9\Test9.csproj", "{CEEEB623-8011-41BA-8B82-7F5C582F4C24}"
EndProject
Global
	GlobalSection(SolutionConfigurationPlatforms) = preSolution
		Debug|x86 = Debug|x86
		Release|x86 = Release|x86
	EndGlobalSection
	GlobalSection(ProjectConfigurationPlatforms) = postSolution
		{CEEEB623-8011-41BA-8B82-7F5C582F4C24}.Debug|x86.ActiveCfg = Debug|x86
		{CEEEB623-8011-41BA-8B82-7F5C582F4C24}.Debug|x86.Build.0 = Debug|x86
		{CEEEB623-8011-41BA-8B82-7F5C582F4C24}.Release|x86.ActiveCfg = Release|x86
		{CEEEB623-8011-41BA-8B82-7F5C582F4C24}.Release|x86.Build.0 = Release|x86
	EndGlobalSection
	GlobalSection(SolutionProperties) = preSolution
		HideSolutionNode = FALSE
	EndGlobalSection
	GlobalSection(ExtensibilityGlobals) = postSolution
		SolutionGuid = {416F8B21-312C-44E2-BE97-439653D45C17}
	EndGlobalSection
EndGlobal
