
Microsoft Visual Studio Solution File, Format Version 12.00
# Visual Studio 15
VisualStudioVersion = 15.0.28307.705
MinimumVisualStudioVersion = 10.0.40219.1
Project("{FAE04EC0-301F-11D3-BF4B-00C04F79EFBC}") = "Test4", "Test4\Test4.csproj", "{8675FCD4-64BE-46C5-B0D4-23DADD861ECF}"
EndProject
Global
	GlobalSection(SolutionConfigurationPlatforms) = preSolution
		Debug|x86 = Debug|x86
		Release|x86 = Release|x86
	EndGlobalSection
	GlobalSection(ProjectConfigurationPlatforms) = postSolution
		{8675FCD4-64BE-46C5-B0D4-23DADD861ECF}.Debug|x86.ActiveCfg = Debug|x86
		{8675FCD4-64BE-46C5-B0D4-23DADD861ECF}.Debug|x86.Build.0 = Debug|x86
		{8675FCD4-64BE-46C5-B0D4-23DADD861ECF}.Release|x86.ActiveCfg = Release|x86
		{8675FCD4-64BE-46C5-B0D4-23DADD861ECF}.Release|x86.Build.0 = Release|x86
	EndGlobalSection
	GlobalSection(SolutionProperties) = preSolution
		HideSolutionNode = FALSE
	EndGlobalSection
	GlobalSection(ExtensibilityGlobals) = postSolution
		SolutionGuid = {5CDAF64A-08C9-4A43-937E-E1C2194FCADD}
	EndGlobalSection
EndGlobal
